{
  "lockfile_version": "1",
  "packages": {
    "git-cliff@2.11.0": {
      "last_modified": "2025-12-31T03:27:36Z",
      "resolved": "github:NixOS/nixpkgs/f665af0cdb70ed27e1bd8f9fdfecaf451260fc55#git-cliff",
      "source": "devbox-search",
      "version": "2.11.0",
      "systems": {
        "aarch64-darwin": {
          "outputs": [
            {
              "name": "out",
              "path": "/nix/store/188kddgfalnliycpyrmhqvwsmcvxwvnz-git-cliff-2.11.0",
              "default": true
            }
          ],
          "store_path": "/nix/store/188kddgfalnliycpyrmhqvwsmcvxwvnz-git-cliff-2.11.0"
        },
        "aarch64-linux": {
          "outputs": [
            {
              "name": "out",
              "path": "/nix/store/nd9n0zlhnwc7jjybfq34wbwsn229ldzi-git-cliff-2.11.0",
              "default": true
            }
          ],
          "store_path": "/nix/store/nd9n0zlhnwc7jjybfq34wbwsn229ldzi-git-cliff-2.11.0"
        },
        "x86_64-darwin": {
          "outputs": [
            {
              "name": "out",
              "path": "/nix/store/8vmab71n8db9y5j1x3k9xzvn7q7n80bj-git-cliff-2.11.0",
              "default": true
            }
          ],
          "store_path": "/nix/store/8vmab71n8db9y5j1x3k9xzvn7q7n80bj-git-cliff-2.11.0"
        },
        "x86_64-linux": {
          "outputs": [
            {
              "name": "out",
              "path": "/nix/store/bl3kwa6yq6955vkwvpb14rlqkfyjwbg2-git-cliff-2.11.0",
              "default": true
            }
          ],
          "store_path": "/nix/store/bl3kwa6yq6955vkwvpb14rlqkfyjwbg2-git-cliff-2.11.0"
        }
      }
    },
    "github:NixOS/nixpkgs/nixpkgs-unstable": {
      "last_modified": "2026-01-25T08:36:19Z",
      "resolved": "github:NixOS/nixpkgs/48698d12cc10555a4f3e3222d9c669b884a49dfe?lastModified=1769330179"
    }
  }
}
